
Microsoft Visual Studio Solution File, Format Version 12.00
# Visual Studio Version 17
VisualStudioVersion = 17.8.34322.80
MinimumVisualStudioVersion = 10.0.40219.1
Project("{FAE04EC0-301F-11D3-BF4B-00C04F79EFBC}") = "insatsu", "insatsu\insatsu.csproj", "{79991A87-2221-41B4-B031-72A9F2BFF7EF}"
EndProject
Global
	GlobalSection(SolutionConfigurationPlatforms) = preSolution
		Debug|Any CPU = Debug|Any CPU
		Release|Any CPU = Release|Any CPU
	EndGlobalSection
	GlobalSection(ProjectConfigurationPlatforms) = postSolution
		{79991A87-2221-41B4-B031-72A9F2BFF7EF}.Debug|Any CPU.ActiveCfg = Debug|Any CPU
		{79991A87-2221-41B4-B031-72A9F2BFF7EF}.Debug|Any CPU.Build.0 = Debug|Any CPU
		{79991A87-2221-41B4-B031-72A9F2BFF7EF}.Release|Any CPU.ActiveCfg = Release|Any CPU
		{79991A87-2221-41B4-B031-72A9F2BFF7EF}.Release|Any CPU.Build.0 = Release|Any CPU
	EndGlobalSection
	GlobalSection(SolutionProperties) = preSolution
		HideSolutionNode = FALSE
	EndGlobalSection
	GlobalSection(ExtensibilityGlobals) = postSolution
		SolutionGuid = {EB306066-31E6-4EE9-979F-14D89BD6EF08}
	EndGlobalSection
EndGlobal
